// !$*UTF8*$!
{
	archiveVersion = 1;
	classes = {
	};
	objectVersion = 50;
	objects = {

/* Begin PBXBuildFile section */
		1761E3A0244408D2003F3956 /* AppDelegate.swift in Sources */ = {isa = PBXBuildFile; fileRef = 1761E39F244408D2003F3956 /* AppDelegate.swift */; };
		1761E3A2244408D2003F3956 /* SceneDelegate.swift in Sources */ = {isa = PBXBuildFile; fileRef = 1761E3A1244408D2003F3956 /* SceneDelegate.swift */; };
		1761E3A4244408D2003F3956 /* POIsTableViewController.swift in Sources */ = {isa = PBXBuildFile; fileRef = 1761E3A3244408D2003F3956 /* POIsTableViewController.swift */; };
		1761E3A7244408D2003F3956 /* Main.storyboard in Resources */ = {isa = PBXBuildFile; fileRef = 1761E3A5244408D2003F3956 /* Main.storyboard */; };
		1761E3A9244408D9003F3956 /* Assets.xcassets in Resources */ = {isa = PBXBuildFile; fileRef = 1761E3A8244408D9003F3956 /* Assets.xcassets */; };
		1761E3AC244408D9003F3956 /* LaunchScreen.storyboard in Resources */ = {isa = PBXBuildFile; fileRef = 1761E3AA244408D9003F3956 /* LaunchScreen.storyboard */; };
		1761E3B7244408DA003F3956 /* GrailDiaryTests.swift in Sources */ = {isa = PBXBuildFile; fileRef = 1761E3B6244408DA003F3956 /* GrailDiaryTests.swift */; };
		1761E3C2244408DA003F3956 /* GrailDiaryUITests.swift in Sources */ = {isa = PBXBuildFile; fileRef = 1761E3C1244408DA003F3956 /* GrailDiaryUITests.swift */; };
/* End PBXBuildFile section */

/* Begin PBXContainerItemProxy section */
		1761E3B3244408DA003F3956 /* PBXContainerItemProxy */ = {
			isa = PBXContainerItemProxy;
			containerPortal = 1761E394244408D2003F3956 /* Project object */;
			proxyType = 1;
			remoteGlobalIDString = 1761E39B244408D2003F3956;
			remoteInfo = GrailDiary;
		};
		1761E3BE244408DA003F3956 /* PBXContainerItemProxy */ = {
			isa = PBXContainerItemProxy;
			containerPortal = 1761E394244408D2003F3956 /* Project object */;
			proxyType = 1;
			remoteGlobalIDString = 1761E39B244408D2003F3956;
			remoteInfo = GrailDiary;
		};
/* End PBXContainerItemProxy section */

/* Begin PBXFileReference section */
		1761E39C244408D2003F3956 /* GrailDiary.app */ = {isa = PBXFileReference; explicitFileType = wrapper.application; includeInIndex = 0; path = GrailDiary.app; sourceTree = BUILT_PRODUCTS_DIR; };
		1761E39F244408D2003F3956 /* AppDelegate.swift */ = {isa = PBXFileReference; lastKnownFileType = sourcecode.swift; path = AppDelegate.swift; sourceTree = "<group>"; };
		1761E3A1244408D2003F3956 /* SceneDelegate.swift */ = {isa = PBXFileReference; lastKnownFileType = sourcecode.swift; path = SceneDelegate.swift; sourceTree = "<group>"; };
		1761E3A3244408D2003F3956 /* POIsTableViewController.swift */ = {isa = PBXFileReference; lastKnownFileType = sourcecode.swift; path = POIsTableViewController.swift; sourceTree = "<group>"; };
		1761E3A6244408D2003F3956 /* Base */ = {isa = PBXFileReference; lastKnownFileType = file.storyboard; name = Base; path = Base.lproj/Main.storyboard; sourceTree = "<group>"; };
		1761E3A8244408D9003F3956 /* Assets.xcassets */ = {isa = PBXFileReference; lastKnownFileType = folder.assetcatalog; path = Assets.xcassets; sourceTree = "<group>"; };
		1761E3AB244408D9003F3956 /* Base */ = {isa = PBXFileReference; lastKnownFileType = file.storyboard; name = Base; path = Base.lproj/LaunchScreen.storyboard; sourceTree = "<group>"; };
		1761E3AD244408D9003F3956 /* Info.plist */ = {isa = PBXFileReference; lastKnownFileType = text.plist.xml; path = Info.plist; sourceTree = "<group>"; };
		1761E3B2244408DA003F3956 /* GrailDiaryTests.xctest */ = {isa = PBXFileReference; explicitFileType = wrapper.cfbundle; includeInIndex = 0; path = GrailDiaryTests.xctest; sourceTree = BUILT_PRODUCTS_DIR; };
		1761E3B6244408DA003F3956 /* GrailDiaryTests.swift */ = {isa = PBXFileReference; lastKnownFileType = sourcecode.swift; path = GrailDiaryTests.swift; sourceTree = "<group>"; };
		1761E3B8244408DA003F3956 /* Info.plist */ = {isa = PBXFileReference; lastKnownFileType = text.plist.xml; path = Info.plist; sourceTree = "<group>"; };
		1761E3BD244408DA003F3956 /* GrailDiaryUITests.xctest */ = {isa = PBXFileReference; explicitFileType = wrapper.cfbundle; includeInIndex = 0; path = GrailDiaryUITests.xctest; sourceTree = BUILT_PRODUCTS_DIR; };
		1761E3C1244408DA003F3956 /* GrailDiaryUITests.swift */ = {isa = PBXFileReference; lastKnownFileType = sourcecode.swift; path = GrailDiaryUITests.swift; sourceTree = "<group>"; };
		1761E3C3244408DA003F3956 /* Info.plist */ = {isa = PBXFileReference; lastKnownFileType = text.plist.xml; path = Info.plist; sourceTree = "<group>"; };
/* End PBXFileReference section */

/* Begin PBXFrameworksBuildPhase section */
		1761E399244408D2003F3956 /* Frameworks */ = {
			isa = PBXFrameworksBuildPhase;
			buildActionMask = 2147483647;
			files = (
			);
			runOnlyForDeploymentPostprocessing = 0;
		};
		1761E3AF244408DA003F3956 /* Frameworks */ = {
			isa = PBXFrameworksBuildPhase;
			buildActionMask = 2147483647;
			files = (
			);
			runOnlyForDeploymentPostprocessing = 0;
		};
		1761E3BA244408DA003F3956 /* Frameworks */ = {
			isa = PBXFrameworksBuildPhase;
			buildActionMask = 2147483647;
			files = (
			);
			runOnlyForDeploymentPostprocessing = 0;
		};
/* End PBXFrameworksBuildPhase section */

/* Begin PBXGroup section */
		1761E393244408D2003F3956 = {
			isa = PBXGroup;
			children = (
				1761E39E244408D2003F3956 /* GrailDiary */,
				1761E3B5244408DA003F3956 /* GrailDiaryTests */,
				1761E3C0244408DA003F3956 /* GrailDiaryUITests */,
				1761E39D244408D2003F3956 /* Products */,
			);
			sourceTree = "<group>";
		};
		1761E39D244408D2003F3956 /* Products */ = {
			isa = PBXGroup;
			children = (
				1761E39C244408D2003F3956 /* GrailDiary.app */,
				1761E3B2244408DA003F3956 /* GrailDiaryTests.xctest */,
				1761E3BD244408DA003F3956 /* GrailDiaryUITests.xctest */,
			);
			name = Products;
			sourceTree = "<group>";
		};
		1761E39E244408D2003F3956 /* GrailDiary */ = {
			isa = PBXGroup;
			children = (
				1761E39F244408D2003F3956 /* AppDelegate.swift */,
				1761E3A1244408D2003F3956 /* SceneDelegate.swift */,
				1761E3A3244408D2003F3956 /* POIsTableViewController.swift */,
				1761E3A5244408D2003F3956 /* Main.storyboard */,
				1761E3A8244408D9003F3956 /* Assets.xcassets */,
				1761E3AA244408D9003F3956 /* LaunchScreen.storyboard */,
				1761E3AD244408D9003F3956 /* Info.plist */,
			);
			path = GrailDiary;
			sourceTree = "<group>";
		};
		1761E3B5244408DA003F3956 /* GrailDiaryTests */ = {
			isa = PBXGroup;
			children = (
				1761E3B6244408DA003F3956 /* GrailDiaryTests.swift */,
				1761E3B8244408DA003F3956 /* Info.plist */,
			);
			path = GrailDiaryTests;
			sourceTree = "<group>";
		};
		1761E3C0244408DA003F3956 /* GrailDiaryUITests */ = {
			isa = PBXGroup;
			children = (
				1761E3C1244408DA003F3956 /* GrailDiaryUITests.swift */,
				1761E3C3244408DA003F3956 /* Info.plist */,
			);
			path = GrailDiaryUITests;
			sourceTree = "<group>";
		};
/* End PBXGroup section */

/* Begin PBXNativeTarget section */
		1761E39B244408D2003F3956 /* GrailDiary */ = {
			isa = PBXNativeTarget;
			buildConfigurationList = 1761E3C6244408DA003F3956 /* Build configuration list for PBXNativeTarget "GrailDiary" */;
			buildPhases = (
				1761E398244408D2003F3956 /* Sources */,
				1761E399244408D2003F3956 /* Frameworks */,
				1761E39A244408D2003F3956 /* Resources */,
			);
			buildRules = (
			);
			dependencies = (
			);
			name = GrailDiary;
			productName = GrailDiary;
			productReference = 1761E39C244408D2003F3956 /* GrailDiary.app */;
			productType = "com.apple.product-type.application";
		};
		1761E3B1244408DA003F3956 /* GrailDiaryTests */ = {
			isa = PBXNativeTarget;
			buildConfigurationList = 1761E3C9244408DA003F3956 /* Build configuration list for PBXNativeTarget "GrailDiaryTests" */;
			buildPhases = (
				1761E3AE244408DA003F3956 /* Sources */,
				1761E3AF244408DA003F3956 /* Frameworks */,
				1761E3B0244408DA003F3956 /* Resources */,
			);
			buildRules = (
			);
			dependencies = (
				1761E3B4244408DA003F3956 /* PBXTargetDependency */,
			);
			name = GrailDiaryTests;
			productName = GrailDiaryTests;
			productReference = 1761E3B2244408DA003F3956 /* GrailDiaryTests.xctest */;
			productType = "com.apple.product-type.bundle.unit-test";
		};
		1761E3BC244408DA003F3956 /* GrailDiaryUITests */ = {
			isa = PBXNativeTarget;
			buildConfigurationList = 1761E3CC244408DA003F3956 /* Build configuration list for PBXNativeTarget "GrailDiaryUITests" */;
			buildPhases = (
				1761E3B9244408DA003F3956 /* Sources */,
				1761E3BA244408DA003F3956 /* Frameworks */,
				1761E3BB244408DA003F3956 /* Resources */,
			);
			buildRules = (
			);
			dependencies = (
				1761E3BF244408DA003F3956 /* PBXTargetDependency */,
			);
			name = GrailDiaryUITests;
			productName = GrailDiaryUITests;
			productReference = 1761E3BD244408DA003F3956 /* GrailDiaryUITests.xctest */;
			productType = "com.apple.product-type.bundle.ui-testing";
		};
/* End PBXNativeTarget section */

/* Begin PBXProject section */
		1761E394244408D2003F3956 /* Project object */ = {
			isa = PBXProject;
			attributes = {
				LastSwiftUpdateCheck = 1140;
				LastUpgradeCheck = 1140;
				ORGANIZATIONNAME = Stuart;
				TargetAttributes = {
					1761E39B244408D2003F3956 = {
						CreatedOnToolsVersion = 11.4;
					};
					1761E3B1244408DA003F3956 = {
						CreatedOnToolsVersion = 11.4;
						TestTargetID = 1761E39B244408D2003F3956;
					};
					1761E3BC244408DA003F3956 = {
						CreatedOnToolsVersion = 11.4;
						TestTargetID = 1761E39B244408D2003F3956;
					};
				};
			};
			buildConfigurationList = 1761E397244408D2003F3956 /* Build configuration list for PBXProject "GrailDiary" */;
			compatibilityVersion = "Xcode 9.3";
			developmentRegion = en;
			hasScannedForEncodings = 0;
			knownRegions = (
				en,
				Base,
			);
			mainGroup = 1761E393244408D2003F3956;
			productRefGroup = 1761E39D244408D2003F3956 /* Products */;
			projectDirPath = "";
			projectRoot = "";
			targets = (
				1761E39B244408D2003F3956 /* GrailDiary */,
				1761E3B1244408DA003F3956 /* GrailDiaryTests */,
				1761E3BC244408DA003F3956 /* GrailDiaryUITests */,
			);
		};
/* End PBXProject section */

/* Begin PBXResourcesBuildPhase section */
		1761E39A244408D2003F3956 /* Resources */ = {
			isa = PBXResourcesBuildPhase;
			buildActionMask = 2147483647;
			files = (
				1761E3AC244408D9003F3956 /* LaunchScreen.storyboard in Resources */,
				1761E3A9244408D9003F3956 /* Assets.xcassets in Resources */,
				1761E3A7244408D2003F3956 /* Main.storyboard in Resources */,
			);
			runOnlyForDeploymentPostprocessing = 0;
		};
		1761E3B0244408DA003F3956 /* Resources */ = {
			isa = PBXResourcesBuildPhase;
			buildActionMask = 2147483647;
			files = (
			);
			runOnlyForDeploymentPostprocessing = 0;
		};
		1761E3BB244408DA003F3956 /* Resources */ = {
			isa = PBXResourcesBuildPhase;
			buildActionMask = 2147483647;
			files = (
			);
			runOnlyForDeploymentPostprocessing = 0;
		};
/* End PBXResourcesBuildPhase section */

/* Begin PBXSourcesBuildPhase section */
		1761E398244408D2003F3956 /* Sources */ = {
			isa = PBXSourcesBuildPhase;
			buildActionMask = 2147483647;
			files = (
				1761E3A4244408D2003F3956 /* POIsTableViewController.swift in Sources */,
				1761E3A0244408D2003F3956 /* AppDelegate.swift in Sources */,
				1761E3A2244408D2003F3956 /* SceneDelegate.swift in Sources */,
			);
			runOnlyForDeploymentPostprocessing = 0;
		};
		1761E3AE244408DA003F3956 /* Sources */ = {
			isa = PBXSourcesBuildPhase;
			buildActionMask = 2147483647;
			files = (
				1761E3B7244408DA003F3956 /* GrailDiaryTests.swift in Sources */,
			);
			runOnlyForDeploymentPostprocessing = 0;
		};
		1761E3B9244408DA003F3956 /* Sources */ = {
			isa = PBXSourcesBuildPhase;
			buildActionMask = 2147483647;
			files = (
				1761E3C2244408DA003F3956 /* GrailDiaryUITests.swift in Sources */,
			);
			runOnlyForDeploymentPostprocessing = 0;
		};
/* End PBXSourcesBuildPhase section */

/* Begin PBXTargetDependency section */
		1761E3B4244408DA003F3956 /* PBXTargetDependency */ = {
			isa = PBXTargetDependency;
			target = 1761E39B244408D2003F3956 /* GrailDiary */;
			targetProxy = 1761E3B3244408DA003F3956 /* PBXContainerItemProxy */;
		};
		1761E3BF244408DA003F3956 /* PBXTargetDependency */ = {
			isa = PBXTargetDependency;
			target = 1761E39B244408D2003F3956 /* GrailDiary */;
			targetProxy = 1761E3BE244408DA003F3956 /* PBXContainerItemProxy */;
		};
/* End PBXTargetDependency section */

/* Begin PBXVariantGroup section */
		1761E3A5244408D2003F3956 /* Main.storyboard */ = {
			isa = PBXVariantGroup;
			children = (
				1761E3A6244408D2003F3956 /* Base */,
			);
			name = Main.storyboard;
			sourceTree = "<group>";
		};
		1761E3AA244408D9003F3956 /* LaunchScreen.storyboard */ = {
			isa = PBXVariantGroup;
			children = (
				1761E3AB244408D9003F3956 /* Base */,
			);
			name = LaunchScreen.storyboard;
			sourceTree = "<group>";
		};
/* End PBXVariantGroup section */

/* Begin XCBuildConfiguration section */
		1761E3C4244408DA003F3956 /* Debug */ = {
			isa = XCBuildConfiguration;
			buildSettings = {
				ALWAYS_SEARCH_USER_PATHS = NO;
				CLANG_ANALYZER_NONNULL = YES;
				CLANG_ANALYZER_NUMBER_OBJECT_CONVERSION = YES_AGGRESSIVE;
				CLANG_CXX_LANGUAGE_STANDARD = "gnu++14";
				CLANG_CXX_LIBRARY = "libc++";
				CLANG_ENABLE_MODULES = YES;
				CLANG_ENABLE_OBJC_ARC = YES;
				CLANG_ENABLE_OBJC_WEAK = YES;
				CLANG_WARN_BLOCK_CAPTURE_AUTORELEASING = YES;
				CLANG_WARN_BOOL_CONVERSION = YES;
				CLANG_WARN_COMMA = YES;
				CLANG_WARN_CONSTANT_CONVERSION = YES;
				CLANG_WARN_DEPRECATED_OBJC_IMPLEMENTATIONS = YES;
				CLANG_WARN_DIRECT_OBJC_ISA_USAGE = YES_ERROR;
				CLANG_WARN_DOCUMENTATION_COMMENTS = YES;
				CLANG_WARN_EMPTY_BODY = YES;
				CLANG_WARN_ENUM_CONVERSION = YES;
				CLANG_WARN_INFINITE_RECURSION = YES;
				CLANG_WARN_INT_CONVERSION = YES;
				CLANG_WARN_NON_LITERAL_NULL_CONVERSION = YES;
				CLANG_WARN_OBJC_IMPLICIT_RETAIN_SELF = YES;
				CLANG_WARN_OBJC_LITERAL_CONVERSION = YES;
				CLANG_WARN_OBJC_ROOT_CLASS = YES_ERROR;
				CLANG_WARN_RANGE_LOOP_ANALYSIS = YES;
				CLANG_WARN_STRICT_PROTOTYPES = YES;
				CLANG_WARN_SUSPICIOUS_MOVE = YES;
				CLANG_WARN_UNGUARDED_AVAILABILITY = YES_AGGRESSIVE;
				CLANG_WARN_UNREACHABLE_CODE = YES;
				CLANG_WARN__DUPLICATE_METHOD_MATCH = YES;
				COPY_PHASE_STRIP = NO;
				DEBUG_INFORMATION_FORMAT = dwarf;
				ENABLE_STRICT_OBJC_MSGSEND = YES;
				ENABLE_TESTABILITY = YES;
				GCC_C_LANGUAGE_STANDARD = gnu11;
				GCC_DYNAMIC_NO_PIC = NO;
				GCC_NO_COMMON_BLOCKS = YES;
				GCC_OPTIMIZATION_LEVEL = 0;
				GCC_PREPROCESSOR_DEFINITIONS = (
					"DEBUG=1",
					"$(inherited)",
				);
				GCC_WARN_64_TO_32_BIT_CONVERSION = YES;
				GCC_WARN_ABOUT_RETURN_TYPE = YES_ERROR;
				GCC_WARN_UNDECLARED_SELECTOR = YES;
				GCC_WARN_UNINITIALIZED_AUTOS = YES_AGGRESSIVE;
				GCC_WARN_UNUSED_FUNCTION = YES;
				GCC_WARN_UNUSED_VARIABLE = YES;
				IPHONEOS_DEPLOYMENT_TARGET = 13.4;
				MTL_ENABLE_DEBUG_INFO = INCLUDE_SOURCE;
				MTL_FAST_MATH = YES;
				ONLY_ACTIVE_ARCH = YES;
				SDKROOT = iphoneos;
				SWIFT_ACTIVE_COMPILATION_CONDITIONS = DEBUG;
				SWIFT_OPTIMIZATION_LEVEL = "-Onone";
			};
			name = Debug;
		};
		1761E3C5244408DA003F3956 /* Release */ = {
			isa = XCBuildConfiguration;
			buildSettings = {
				ALWAYS_SEARCH_USER_PATHS = NO;
				CLANG_ANALYZER_NONNULL = YES;
				CLANG_ANALYZER_NUMBER_OBJECT_CONVERSION = YES_AGGRESSIVE;
				CLANG_CXX_LANGUAGE_STANDARD = "gnu++14";
				CLANG_CXX_LIBRARY = "libc++";
				CLANG_ENABLE_MODULES = YES;
				CLANG_ENABLE_OBJC_ARC = YES;
				CLANG_ENABLE_OBJC_WEAK = YES;
				CLANG_WARN_BLOCK_CAPTURE_AUTORELEASING = YES;
				CLANG_WARN_BOOL_CONVERSION = YES;
				CLANG_WARN_COMMA = YES;
				CLANG_WARN_CONSTANT_CONVERSION = YES;
				CLANG_WARN_DEPRECATED_OBJC_IMPLEMENTATIONS = YES;
				CLANG_WARN_DIRECT_OBJC_ISA_USAGE = YES_ERROR;
				CLANG_WARN_DOCUMENTATION_COMMENTS = YES;
				CLANG_WARN_EMPTY_BODY = YES;
				CLANG_WARN_ENUM_CONVERSION = YES;
				CLANG_WARN_INFINITE_RECURSION = YES;
				CLANG_WARN_INT_CONVERSION = YES;
				CLANG_WARN_NON_LITERAL_NULL_CONVERSION = YES;
				CLANG_WARN_OBJC_IMPLICIT_RETAIN_SELF = YES;
				CLANG_WARN_OBJC_LITERAL_CONVERSION = YES;
				CLANG_WARN_OBJC_ROOT_CLASS = YES_ERROR;
				CLANG_WARN_RANGE_LOOP_ANALYSIS = YES;
				CLANG_WARN_STRICT_PROTOTYPES = YES;
				CLANG_WARN_SUSPICIOUS_MOVE = YES;
				CLANG_WARN_UNGUARDED_AVAILABILITY = YES_AGGRESSIVE;
				CLANG_WARN_UNREACHABLE_CODE = YES;
				CLANG_WARN__DUPLICATE_METHOD_MATCH = YES;
				COPY_PHASE_STRIP = NO;
				DEBUG_INFORMATION_FORMAT = "dwarf-with-dsym";
				ENABLE_NS_ASSERTIONS = NO;
				ENABLE_STRICT_OBJC_MSGSEND = YES;
				GCC_C_LANGUAGE_STANDARD = gnu11;
				GCC_NO_COMMON_BLOCKS = YES;
				GCC_WARN_64_TO_32_BIT_CONVERSION = YES;
				GCC_WARN_ABOUT_RETURN_TYPE = YES_ERROR;
				GCC_WARN_UNDECLARED_SELECTOR = YES;
				GCC_WARN_UNINITIALIZED_AUTOS = YES_AGGRESSIVE;
				GCC_WARN_UNUSED_FUNCTION = YES;
				GCC_WARN_UNUSED_VARIABLE = YES;
				IPHONEOS_DEPLOYMENT_TARGET = 13.4;
				MTL_ENABLE_DEBUG_INFO = NO;
				MTL_FAST_MATH = YES;
				SDKROOT = iphoneos;
				SWIFT_COMPILATION_MODE = wholemodule;
				SWIFT_OPTIMIZATION_LEVEL = "-O";
				VALIDATE_PRODUCT = YES;
			};
			name = Release;
		};
		1761E3C7244408DA003F3956 /* Debug */ = {
			isa = XCBuildConfiguration;
			buildSettings = {
				ASSETCATALOG_COMPILER_APPICON_NAME = AppIcon;
				CODE_SIGN_STYLE = Automatic;
				INFOPLIST_FILE = GrailDiary/Info.plist;
				LD_RUNPATH_SEARCH_PATHS = (
					"$(inherited)",
					"@executable_path/Frameworks",
				);
				PRODUCT_BUNDLE_IDENTIFIER = com.stuart.GrailDiary;
				PRODUCT_NAME = "$(TARGET_NAME)";
				SWIFT_VERSION = 5.0;
				TARGETED_DEVICE_FAMILY = "1,2";
			};
			name = Debug;
		};
		1761E3C8244408DA003F3956 /* Release */ = {
			isa = XCBuildConfiguration;
			buildSettings = {
				ASSETCATALOG_COMPILER_APPICON_NAME = AppIcon;
				CODE_SIGN_STYLE = Automatic;
				INFOPLIST_FILE = GrailDiary/Info.plist;
				LD_RUNPATH_SEARCH_PATHS = (
					"$(inherited)",
					"@executable_path/Frameworks",
				);
				PRODUCT_BUNDLE_IDENTIFIER = com.stuart.GrailDiary;
				PRODUCT_NAME = "$(TARGET_NAME)";
				SWIFT_VERSION = 5.0;
				TARGETED_DEVICE_FAMILY = "1,2";
			};
			name = Release;
		};
		1761E3CA244408DA003F3956 /* Debug */ = {
			isa = XCBuildConfiguration;
			buildSettings = {
				ALWAYS_EMBED_SWIFT_STANDARD_LIBRARIES = YES;
				BUNDLE_LOADER = "$(TEST_HOST)";
				CODE_SIGN_STYLE = Automatic;
				INFOPLIST_FILE = GrailDiaryTests/Info.plist;
				IPHONEOS_DEPLOYMENT_TARGET = 13.4;
				LD_RUNPATH_SEARCH_PATHS = (
					"$(inherited)",
					"@executable_path/Frameworks",
					"@loader_path/Frameworks",
				);
				PRODUCT_BUNDLE_IDENTIFIER = com.stuart.GrailDiaryTests;
				PRODUCT_NAME = "$(TARGET_NAME)";
				SWIFT_VERSION = 5.0;
				TARGETED_DEVICE_FAMILY = "1,2";
				TEST_HOST = "$(BUILT_PRODUCTS_DIR)/GrailDiary.app/GrailDiary";
			};
			name = Debug;
		};
		1761E3CB244408DA003F3956 /* Release */ = {
			isa = XCBuildConfiguration;
			buildSettings = {
				ALWAYS_EMBED_SWIFT_STANDARD_LIBRARIES = YES;
				BUNDLE_LOADER = "$(TEST_HOST)";
				CODE_SIGN_STYLE = Automatic;
				INFOPLIST_FILE = GrailDiaryTests/Info.plist;
				IPHONEOS_DEPLOYMENT_TARGET = 13.4;
				LD_RUNPATH_SEARCH_PATHS = (
					"$(inherited)",
					"@executable_path/Frameworks",
					"@loader_path/Frameworks",
				);
				PRODUCT_BUNDLE_IDENTIFIER = com.stuart.GrailDiaryTests;
				PRODUCT_NAME = "$(TARGET_NAME)";
				SWIFT_VERSION = 5.0;
				TARGETED_DEVICE_FAMILY = "1,2";
				TEST_HOST = "$(BUILT_PRODUCTS_DIR)/GrailDiary.app/GrailDiary";
			};
			name = Release;
		};
		1761E3CD244408DA003F3956 /* Debug */ = {
			isa = XCBuildConfiguration;
			buildSettings = {
				ALWAYS_EMBED_SWIFT_STANDARD_LIBRARIES = YES;
				CODE_SIGN_STYLE = Automatic;
				INFOPLIST_FILE = GrailDiaryUITests/Info.plist;
				LD_RUNPATH_SEARCH_PATHS = (
					"$(inherited)",
					"@executable_path/Frameworks",
					"@loader_path/Frameworks",
				);
				PRODUCT_BUNDLE_IDENTIFIER = com.stuart.GrailDiaryUITests;
				PRODUCT_NAME = "$(TARGET_NAME)";
				SWIFT_VERSION = 5.0;
				TARGETED_DEVICE_FAMILY = "1,2";
				TEST_TARGET_NAME = GrailDiary;
			};
			name = Debug;
		};
		1761E3CE244408DA003F3956 /* Release */ = {
			isa = XCBuildConfiguration;
			buildSettings = {
				ALWAYS_EMBED_SWIFT_STANDARD_LIBRARIES = YES;
				CODE_SIGN_STYLE = Automatic;
				INFOPLIST_FILE = GrailDiaryUITests/Info.plist;
				LD_RUNPATH_SEARCH_PATHS = (
					"$(inherited)",
					"@executable_path/Frameworks",
					"@loader_path/Frameworks",
				);
				PRODUCT_BUNDLE_IDENTIFIER = com.stuart.GrailDiaryUITests;
				PRODUCT_NAME = "$(TARGET_NAME)";
				SWIFT_VERSION = 5.0;
				TARGETED_DEVICE_FAMILY = "1,2";
				TEST_TARGET_NAME = GrailDiary;
			};
			name = Release;
		};
/* End XCBuildConfiguration section */

/* Begin XCConfigurationList section */
		1761E397244408D2003F3956 /* Build configuration list for PBXProject "GrailDiary" */ = {
			isa = XCConfigurationList;
			buildConfigurations = (
				1761E3C4244408DA003F3956 /* Debug */,
				1761E3C5244408DA003F3956 /* Release */,
			);
			defaultConfigurationIsVisible = 0;
			defaultConfigurationName = Release;
		};
		1761E3C6244408DA003F3956 /* Build configuration list for PBXNativeTarget "GrailDiary" */ = {
			isa = XCConfigurationList;
			buildConfigurations = (
				1761E3C7244408DA003F3956 /* Debug */,
				1761E3C8244408DA003F3956 /* Release */,
			);
			defaultConfigurationIsVisible = 0;
			defaultConfigurationName = Release;
		};
		1761E3C9244408DA003F3956 /* Build configuration list for PBXNativeTarget "GrailDiaryTests" */ = {
			isa = XCConfigurationList;
			buildConfigurations = (
				1761E3CA244408DA003F3956 /* Debug */,
				1761E3CB244408DA003F3956 /* Release */,
			);
			defaultConfigurationIsVisible = 0;
			defaultConfigurationName = Release;
		};
		1761E3CC244408DA003F3956 /* Build configuration list for PBXNativeTarget "GrailDiaryUITests" */ = {
			isa = XCConfigurationList;
			buildConfigurations = (
				1761E3CD244408DA003F3956 /* Debug */,
				1761E3CE244408DA003F3956 /* Release */,
			);
			defaultConfigurationIsVisible = 0;
			defaultConfigurationName = Release;
		};
/* End XCConfigurationList section */
	};
	rootObject = 1761E394244408D2003F3956 /* Project object */;
}
